
Microsoft Visual Studio Solution File, Format Version 12.00
# Visual Studio Version 16
VisualStudioVersion = 25.0.1706.12
MinimumVisualStudioVersion = 10.0.40219.1
Project("{FAE04EC0-301F-11D3-BF4B-00C04F79EFBC}") = "Common.Logging", "Common.Logging\Common.Logging.csproj", "{6E4698F1-657A-44CF-A381-B6F5944AD03D}"
EndProject
Project("{FAE04EC0-301F-11D3-BF4B-00C04F79EFBC}") = "Microservice1", "Microservice1\Microservice1.csproj", "{A98AF097-A2CA-46BF-BE94-4787AF266518}"
EndProject
Project("{FAE04EC0-301F-11D3-BF4B-00C04F79EFBC}") = "ApiGateway", "ApiGateway\ApiGateway.csproj", "{5B8E42B6-2D98-449F-BEB6-41DCB3163E8B}"
EndProject
Global
	GlobalSection(SolutionConfigurationPlatforms) = preSolution
		Debug|Any CPU = Debug|Any CPU
		Release|Any CPU = Release|Any CPU
	EndGlobalSection
	GlobalSection(ProjectConfigurationPlatforms) = postSolution
		{6E4698F1-657A-44CF-A381-B6F5944AD03D}.Debug|Any CPU.ActiveCfg = Debug|Any CPU
		{6E4698F1-657A-44CF-A381-B6F5944AD03D}.Debug|Any CPU.Build.0 = Debug|Any CPU
		{6E4698F1-657A-44CF-A381-B6F5944AD03D}.Release|Any CPU.ActiveCfg = Release|Any CPU
		{6E4698F1-657A-44CF-A381-B6F5944AD03D}.Release|Any CPU.Build.0 = Release|Any CPU
		{A98AF097-A2CA-46BF-BE94-4787AF266518}.Debug|Any CPU.ActiveCfg = Debug|Any CPU
		{A98AF097-A2CA-46BF-BE94-4787AF266518}.Debug|Any CPU.Build.0 = Debug|Any CPU
		{A98AF097-A2CA-46BF-BE94-4787AF266518}.Release|Any CPU.ActiveCfg = Release|Any CPU
		{A98AF097-A2CA-46BF-BE94-4787AF266518}.Release|Any CPU.Build.0 = Release|Any CPU
		{5B8E42B6-2D98-449F-BEB6-41DCB3163E8B}.Debug|Any CPU.ActiveCfg = Debug|Any CPU
		{5B8E42B6-2D98-449F-BEB6-41DCB3163E8B}.Debug|Any CPU.Build.0 = Debug|Any CPU
		{5B8E42B6-2D98-449F-BEB6-41DCB3163E8B}.Release|Any CPU.ActiveCfg = Release|Any CPU
		{5B8E42B6-2D98-449F-BEB6-41DCB3163E8B}.Release|Any CPU.Build.0 = Release|Any CPU
	EndGlobalSection
	GlobalSection(SolutionProperties) = preSolution
		HideSolutionNode = FALSE
	EndGlobalSection
	GlobalSection(ExtensibilityGlobals) = postSolution
		SolutionGuid = {A8CAD9B9-14DC-440F-8562-D4885467F52B}
	EndGlobalSection
EndGlobal
